{
  "requires": true,
  "lockfileVersion": 1,
  "dependencies": {
    "grunt-text-replace": {
      "version": "0.4.0",
      "resolved": "https://registry.npmjs.org/grunt-text-replace/-/grunt-text-replace-0.4.0.tgz",
      "integrity": "sha1-252c5Z4v5J2id+nbwZXD4Rz7FsI=",
      "dev": true
    }
  }
}
